<Solution>
  <Project Path="PlayProjectify.ApiService/PlayProjectify.ApiService.csproj" />
  <Project Path="PlayProjectify.AppHost/PlayProjectify.AppHost.csproj" />
  <Project Path="PlayProjectify.ServiceDefaults/PlayProjectify.ServiceDefaults.csproj" />
  <Project Path="PlayProjectify.Tests/PlayProjectify.Tests.csproj" />
  <Project Path="PlayProjectify.Web/PlayProjectify.Web.csproj" />
</Solution>
